
Microsoft Visual Studio Solution File, Format Version 12.00
# Visual Studio Version 17
VisualStudioVersion = 17.10.35027.167
MinimumVisualStudioVersion = 10.0.40219.1
Project("{9A19103F-16F7-4668-BE54-9A1E7A4F7556}") = "Three_Tier_Architecture", "Three_Tier_Architecture.csproj", "{BCA0B560-68A8-453D-804E-F64F83699454}"
EndProject
Project("{9A19103F-16F7-4668-BE54-9A1E7A4F7556}") = "BusinessLogicLayer", "..\BusinessLogicLayer\BusinessLogicLayer.csproj", "{019CE886-888D-4477-984C-BACEBEAED205}"
EndProject
Project("{9A19103F-16F7-4668-BE54-9A1E7A4F7556}") = "ModelObjectLayer", "..\ModelObjectLayer\ModelObjectLayer.csproj", "{D4E1299B-E0DC-46F4-8BDA-6ED030E4070E}"
EndProject
Project("{9A19103F-16F7-4668-BE54-9A1E7A4F7556}") = "DataAccessLayer", "..\DataAccessLayer\DataAccessLayer.csproj", "{D0772625-6288-4F4E-A853-460502D006D3}"
EndProject
Global
	GlobalSection(SolutionConfigurationPlatforms) = preSolution
		Debug|Any CPU = Debug|Any CPU
		Release|Any CPU = Release|Any CPU
	EndGlobalSection
	GlobalSection(ProjectConfigurationPlatforms) = postSolution
		{BCA0B560-68A8-453D-804E-F64F83699454}.Debug|Any CPU.ActiveCfg = Debug|Any CPU
		{BCA0B560-68A8-453D-804E-F64F83699454}.Debug|Any CPU.Build.0 = Debug|Any CPU
		{BCA0B560-68A8-453D-804E-F64F83699454}.Release|Any CPU.ActiveCfg = Release|Any CPU
		{BCA0B560-68A8-453D-804E-F64F83699454}.Release|Any CPU.Build.0 = Release|Any CPU
		{019CE886-888D-4477-984C-BACEBEAED205}.Debug|Any CPU.ActiveCfg = Debug|Any CPU
		{019CE886-888D-4477-984C-BACEBEAED205}.Debug|Any CPU.Build.0 = Debug|Any CPU
		{019CE886-888D-4477-984C-BACEBEAED205}.Release|Any CPU.ActiveCfg = Release|Any CPU
		{019CE886-888D-4477-984C-BACEBEAED205}.Release|Any CPU.Build.0 = Release|Any CPU
		{D4E1299B-E0DC-46F4-8BDA-6ED030E4070E}.Debug|Any CPU.ActiveCfg = Debug|Any CPU
		{D4E1299B-E0DC-46F4-8BDA-6ED030E4070E}.Debug|Any CPU.Build.0 = Debug|Any CPU
		{D4E1299B-E0DC-46F4-8BDA-6ED030E4070E}.Release|Any CPU.ActiveCfg = Release|Any CPU
		{D4E1299B-E0DC-46F4-8BDA-6ED030E4070E}.Release|Any CPU.Build.0 = Release|Any CPU
		{D0772625-6288-4F4E-A853-460502D006D3}.Debug|Any CPU.ActiveCfg = Debug|Any CPU
		{D0772625-6288-4F4E-A853-460502D006D3}.Debug|Any CPU.Build.0 = Debug|Any CPU
		{D0772625-6288-4F4E-A853-460502D006D3}.Release|Any CPU.ActiveCfg = Release|Any CPU
		{D0772625-6288-4F4E-A853-460502D006D3}.Release|Any CPU.Build.0 = Release|Any CPU
	EndGlobalSection
	GlobalSection(SolutionProperties) = preSolution
		HideSolutionNode = FALSE
	EndGlobalSection
	GlobalSection(ExtensibilityGlobals) = postSolution
		SolutionGuid = {ADB72E1D-0DC8-406A-831F-A2DCBCB56E8E}
	EndGlobalSection
EndGlobal
